
Microsoft Visual Studio Solution File, Format Version 12.00
# Visual Studio Version 17
VisualStudioVersion = 17.10.34916.146
MinimumVisualStudioVersion = 10.0.40219.1
Project("{FAE04EC0-301F-11D3-BF4B-00C04F79EFBC}") = "Pocky.Api", "Pocky.Api\Pocky.Api.csproj", "{A331B540-0B07-4E73-97EB-20499BB59EE9}"
EndProject
Global
	GlobalSection(SolutionConfigurationPlatforms) = preSolution
		Debug|Any CPU = Debug|Any CPU
		Release|Any CPU = Release|Any CPU
	EndGlobalSection
	GlobalSection(ProjectConfigurationPlatforms) = postSolution
		{A331B540-0B07-4E73-97EB-20499BB59EE9}.Debug|Any CPU.ActiveCfg = Debug|Any CPU
		{A331B540-0B07-4E73-97EB-20499BB59EE9}.Debug|Any CPU.Build.0 = Debug|Any CPU
		{A331B540-0B07-4E73-97EB-20499BB59EE9}.Release|Any CPU.ActiveCfg = Release|Any CPU
		{A331B540-0B07-4E73-97EB-20499BB59EE9}.Release|Any CPU.Build.0 = Release|Any CPU
	EndGlobalSection
	GlobalSection(SolutionProperties) = preSolution
		HideSolutionNode = FALSE
	EndGlobalSection
	GlobalSection(ExtensibilityGlobals) = postSolution
		SolutionGuid = {231176A8-92CE-4701-9EBD-DBDBB644F0C9}
	EndGlobalSection
EndGlobal
